// !$*UTF8*$!
{
	archiveVersion = 1;
	classes = {
	};
	objectVersion = 46;
	objects = {

/* Begin PBXBuildFile section */
		F5068D601C1C6092007D09ED /* ロトの剣.jpg in Resources */ = {isa = PBXBuildFile; fileRef = F5068D5F1C1C6092007D09ED /* ロトの剣.jpg */; };
		F50B18391C523E520077E344 /* nanidoViewController.swift in Sources */ = {isa = PBXBuildFile; fileRef = F50B18381C523E520077E344 /* nanidoViewController.swift */; };
		F50B183B1C5240B30077E344 /* 色.png in Resources */ = {isa = PBXBuildFile; fileRef = F50B183A1C5240B30077E344 /* 色.png */; };
		F50B183D1C5240C60077E344 /* Gお.jpg in Resources */ = {isa = PBXBuildFile; fileRef = F50B183C1C5240C60077E344 /* Gお.jpg */; };
		F50B183F1C5241100077E344 /* 星.jpg in Resources */ = {isa = PBXBuildFile; fileRef = F50B183E1C5241100077E344 /* 星.jpg */; };
		F50B18411C5241A80077E344 /* hutsu-ViewController.swift in Sources */ = {isa = PBXBuildFile; fileRef = F50B18401C5241A80077E344 /* hutsu-ViewController.swift */; };
		F50B18431C5241B50077E344 /* muzuiViewController.swift in Sources */ = {isa = PBXBuildFile; fileRef = F50B18421C5241B50077E344 /* muzuiViewController.swift */; };
		F50B18451C5242100077E344 /* GodViewController.swift in Sources */ = {isa = PBXBuildFile; fileRef = F50B18441C5242100077E344 /* GodViewController.swift */; };
		F575111F1C1AEE50009EE90C /* AppDelegate.swift in Sources */ = {isa = PBXBuildFile; fileRef = F575111E1C1AEE50009EE90C /* AppDelegate.swift */; };
		F57511211C1AEE50009EE90C /* ViewController.swift in Sources */ = {isa = PBXBuildFile; fileRef = F57511201C1AEE50009EE90C /* ViewController.swift */; };
		F57511241C1AEE50009EE90C /* Main.storyboard in Resources */ = {isa = PBXBuildFile; fileRef = F57511221C1AEE50009EE90C /* Main.storyboard */; };
		F57511271C1AEE50009EE90C /* _____Q.xcdatamodeld in Sources */ = {isa = PBXBuildFile; fileRef = F57511251C1AEE50009EE90C /* _____Q.xcdatamodeld */; };
		F57511291C1AEE50009EE90C /* Assets.xcassets in Resources */ = {isa = PBXBuildFile; fileRef = F57511281C1AEE50009EE90C /* Assets.xcassets */; };
		F575112C1C1AEE50009EE90C /* LaunchScreen.storyboard in Resources */ = {isa = PBXBuildFile; fileRef = F575112A1C1AEE50009EE90C /* LaunchScreen.storyboard */; };
		F57511371C1AEE50009EE90C /* _____QTests.swift in Sources */ = {isa = PBXBuildFile; fileRef = F57511361C1AEE50009EE90C /* _____QTests.swift */; };
		F57511421C1AEE50009EE90C /* _____QUITests.swift in Sources */ = {isa = PBXBuildFile; fileRef = F57511411C1AEE50009EE90C /* _____QUITests.swift */; };
		F575116A1C1AEE74009EE90C /* Default-568h@2x.png in Resources */ = {isa = PBXBuildFile; fileRef = F57511511C1AEE74009EE90C /* Default-568h@2x.png */; };
		F575116B1C1AEE74009EE90C /* Default-667h@2x.png in Resources */ = {isa = PBXBuildFile; fileRef = F57511521C1AEE74009EE90C /* Default-667h@2x.png */; };
		F575116C1C1AEE74009EE90C /* Default-736h@3x.png in Resources */ = {isa = PBXBuildFile; fileRef = F57511531C1AEE74009EE90C /* Default-736h@3x.png */; };
		F575116D1C1AEE74009EE90C /* misaki_gothic.ttf in Resources */ = {isa = PBXBuildFile; fileRef = F57511551C1AEE74009EE90C /* misaki_gothic.ttf */; };
		F575116E1C1AEE74009EE90C /* battlebg.png in Resources */ = {isa = PBXBuildFile; fileRef = F57511571C1AEE74009EE90C /* battlebg.png */; };
		F575116F1C1AEE74009EE90C /* bgimage.jpg in Resources */ = {isa = PBXBuildFile; fileRef = F57511581C1AEE74009EE90C /* bgimage.jpg */; };
		F57511701C1AEE74009EE90C /* gold_button.png in Resources */ = {isa = PBXBuildFile; fileRef = F57511591C1AEE74009EE90C /* gold_button.png */; };
		F57511711C1AEE74009EE90C /* lobby.png in Resources */ = {isa = PBXBuildFile; fileRef = F575115A1C1AEE74009EE90C /* lobby.png */; };
		F57511721C1AEE74009EE90C /* monster.png in Resources */ = {isa = PBXBuildFile; fileRef = F575115B1C1AEE74009EE90C /* monster.png */; };
		F57511731C1AEE74009EE90C /* waku.png in Resources */ = {isa = PBXBuildFile; fileRef = F575115C1C1AEE74009EE90C /* waku.png */; };
		F57511741C1AEE74009EE90C /* yusya.png in Resources */ = {isa = PBXBuildFile; fileRef = F575115D1C1AEE74009EE90C /* yusya.png */; };
		F57511751C1AEE74009EE90C /* Enemy.swift in Sources */ = {isa = PBXBuildFile; fileRef = F575115F1C1AEE74009EE90C /* Enemy.swift */; };
		F57511761C1AEE74009EE90C /* Player.swift in Sources */ = {isa = PBXBuildFile; fileRef = F57511601C1AEE74009EE90C /* Player.swift */; };
		F57511771C1AEE74009EE90C /* TechDraUtility.swift in Sources */ = {isa = PBXBuildFile; fileRef = F57511611C1AEE74009EE90C /* TechDraUtility.swift */; };
		F57511781C1AEE74009EE90C /* BGM_battle001.mp3 in Resources */ = {isa = PBXBuildFile; fileRef = F57511631C1AEE74009EE90C /* BGM_battle001.mp3 */; };
		F57511791C1AEE74009EE90C /* lobby.mp3 in Resources */ = {isa = PBXBuildFile; fileRef = F57511641C1AEE74009EE90C /* lobby.mp3 */; };
		F575117A1C1AEE74009EE90C /* SE_attack.mp3 in Resources */ = {isa = PBXBuildFile; fileRef = F57511651C1AEE74009EE90C /* SE_attack.mp3 */; };
		F575117B1C1AEE74009EE90C /* SE_charge.mp3 in Resources */ = {isa = PBXBuildFile; fileRef = F57511661C1AEE74009EE90C /* SE_charge.mp3 */; };
		F575117C1C1AEE74009EE90C /* SE_fanfare.mp3 in Resources */ = {isa = PBXBuildFile; fileRef = F57511671C1AEE74009EE90C /* SE_fanfare.mp3 */; };
		F575117D1C1AEE74009EE90C /* SE_fire.mp3 in Resources */ = {isa = PBXBuildFile; fileRef = F57511681C1AEE74009EE90C /* SE_fire.mp3 */; };
		F575117E1C1AEE74009EE90C /* SE_gameover.mp3 in Resources */ = {isa = PBXBuildFile; fileRef = F57511691C1AEE74009EE90C /* SE_gameover.mp3 */; };
		F57511801C1AEE9C009EE90C /* ドラクエ　りゅうおう.jpg in Resources */ = {isa = PBXBuildFile; fileRef = F575117F1C1AEE9C009EE90C /* ドラクエ　りゅうおう.jpg */; };
		F57511821C1AEEA1009EE90C /* ドラクエ１.jpg in Resources */ = {isa = PBXBuildFile; fileRef = F57511811C1AEEA1009EE90C /* ドラクエ１.jpg */; };
		F57511841C1AEEA5009EE90C /* ドラクエ２.jpg in Resources */ = {isa = PBXBuildFile; fileRef = F57511831C1AEEA5009EE90C /* ドラクエ２.jpg */; };
		F57511861C1AEEA9009EE90C /* ドラクエ３.jpg in Resources */ = {isa = PBXBuildFile; fileRef = F57511851C1AEEA9009EE90C /* ドラクエ３.jpg */; };
		F57511881C1AEEB3009EE90C /* ドラクエ４.jpg in Resources */ = {isa = PBXBuildFile; fileRef = F57511871C1AEEB3009EE90C /* ドラクエ４.jpg */; };
		F575118A1C1AEEB8009EE90C /* ドラクエ５.jpg in Resources */ = {isa = PBXBuildFile; fileRef = F57511891C1AEEB8009EE90C /* ドラクエ５.jpg */; };
		F575118C1C1AEEBD009EE90C /* ドラクエ６.jpg in Resources */ = {isa = PBXBuildFile; fileRef = F575118B1C1AEEBD009EE90C /* ドラクエ６.jpg */; };
		F575118E1C1AEEC1009EE90C /* ドラクエ７.jpg in Resources */ = {isa = PBXBuildFile; fileRef = F575118D1C1AEEC1009EE90C /* ドラクエ７.jpg */; };
		F57511901C1AEEC5009EE90C /* ドラクエ８.jpg in Resources */ = {isa = PBXBuildFile; fileRef = F575118F1C1AEEC5009EE90C /* ドラクエ８.jpg */; };
		F575AE481C4901650038A8BF /* ダークドレアム.jpg in Resources */ = {isa = PBXBuildFile; fileRef = F575AE471C4901650038A8BF /* ダークドレアム.jpg */; };
		F575AE4A1C49029D0038A8BF /* QuizViewController.swift in Sources */ = {isa = PBXBuildFile; fileRef = F575AE491C49029D0038A8BF /* QuizViewController.swift */; };
		F575AE4C1C4902BB0038A8BF /* ResultViewController.swift in Sources */ = {isa = PBXBuildFile; fileRef = F575AE4B1C4902BB0038A8BF /* ResultViewController.swift */; };
		F575AE4E1C4906CB0038A8BF /* ドラクエ.jpg in Resources */ = {isa = PBXBuildFile; fileRef = F575AE4D1C4906CB0038A8BF /* ドラクエ.jpg */; };
		F575AE501C4907740038A8BF /* 黒.jpg in Resources */ = {isa = PBXBuildFile; fileRef = F575AE4F1C4907740038A8BF /* 黒.jpg */; };
		F575AE521C4908160038A8BF /* 虹.jpg in Resources */ = {isa = PBXBuildFile; fileRef = F575AE511C4908160038A8BF /* 虹.jpg */; };
/* End PBXBuildFile section */

/* Begin PBXContainerItemProxy section */
		F57511331C1AEE50009EE90C /* PBXContainerItemProxy */ = {
			isa = PBXContainerItemProxy;
			containerPortal = F57511131C1AEE50009EE90C /* Project object */;
			proxyType = 1;
			remoteGlobalIDString = F575111A1C1AEE50009EE90C;
			remoteInfo = "ドラクエQ";
		};
		F575113E1C1AEE50009EE90C /* PBXContainerItemProxy */ = {
			isa = PBXContainerItemProxy;
			containerPortal = F57511131C1AEE50009EE90C /* Project object */;
			proxyType = 1;
			remoteGlobalIDString = F575111A1C1AEE50009EE90C;
			remoteInfo = "ドラクエQ";
		};
/* End PBXContainerItemProxy section */

/* Begin PBXFileReference section */
		F5068D5F1C1C6092007D09ED /* ロトの剣.jpg */ = {isa = PBXFileReference; lastKnownFileType = image.jpeg; path = "ロトの剣.jpg"; sourceTree = "<group>"; };
		F50B18381C523E520077E344 /* nanidoViewController.swift */ = {isa = PBXFileReference; fileEncoding = 4; lastKnownFileType = sourcecode.swift; path = nanidoViewController.swift; sourceTree = "<group>"; };
		F50B183A1C5240B30077E344 /* 色.png */ = {isa = PBXFileReference; lastKnownFileType = image.png; path = "色.png"; sourceTree = "<group>"; };
		F50B183C1C5240C60077E344 /* Gお.jpg */ = {isa = PBXFileReference; lastKnownFileType = image.jpeg; path = "Gお.jpg"; sourceTree = "<group>"; };
		F50B183E1C5241100077E344 /* 星.jpg */ = {isa = PBXFileReference; lastKnownFileType = image.jpeg; path = "星.jpg"; sourceTree = "<group>"; };
		F50B18401C5241A80077E344 /* hutsu-ViewController.swift */ = {isa = PBXFileReference; fileEncoding = 4; lastKnownFileType = sourcecode.swift; path = "hutsu-ViewController.swift"; sourceTree = "<group>"; };
		F50B18421C5241B50077E344 /* muzuiViewController.swift */ = {isa = PBXFileReference; fileEncoding = 4; lastKnownFileType = sourcecode.swift; path = muzuiViewController.swift; sourceTree = "<group>"; };
		F50B18441C5242100077E344 /* GodViewController.swift */ = {isa = PBXFileReference; fileEncoding = 4; lastKnownFileType = sourcecode.swift; path = GodViewController.swift; sourceTree = "<group>"; };
		F575111B1C1AEE50009EE90C /* ドラクエQ.app */ = {isa = PBXFileReference; explicitFileType = wrapper.application; includeInIndex = 0; path = "ドラクエQ.app"; sourceTree = BUILT_PRODUCTS_DIR; };
		F575111E1C1AEE50009EE90C /* AppDelegate.swift */ = {isa = PBXFileReference; lastKnownFileType = sourcecode.swift; path = AppDelegate.swift; sourceTree = "<group>"; };
		F57511201C1AEE50009EE90C /* ViewController.swift */ = {isa = PBXFileReference; lastKnownFileType = sourcecode.swift; path = ViewController.swift; sourceTree = "<group>"; };
		F57511231C1AEE50009EE90C /* Base */ = {isa = PBXFileReference; lastKnownFileType = file.storyboard; name = Base; path = Base.lproj/Main.storyboard; sourceTree = "<group>"; };
		F57511261C1AEE50009EE90C /* _____Q.xcdatamodel */ = {isa = PBXFileReference; lastKnownFileType = wrapper.xcdatamodel; path = "_____Q.xcdatamodel"; sourceTree = "<group>"; };
		F57511281C1AEE50009EE90C /* Assets.xcassets */ = {isa = PBXFileReference; lastKnownFileType = folder.assetcatalog; path = Assets.xcassets; sourceTree = "<group>"; };
		F575112B1C1AEE50009EE90C /* Base */ = {isa = PBXFileReference; lastKnownFileType = file.storyboard; name = Base; path = Base.lproj/LaunchScreen.storyboard; sourceTree = "<group>"; };
		F575112D1C1AEE50009EE90C /* Info.plist */ = {isa = PBXFileReference; lastKnownFileType = text.plist.xml; path = Info.plist; sourceTree = "<group>"; };
		F57511321C1AEE50009EE90C /* ドラクエQTests.xctest */ = {isa = PBXFileReference; explicitFileType = wrapper.cfbundle; includeInIndex = 0; path = "ドラクエQTests.xctest"; sourceTree = BUILT_PRODUCTS_DIR; };
		F57511361C1AEE50009EE90C /* _____QTests.swift */ = {isa = PBXFileReference; lastKnownFileType = sourcecode.swift; path = "_____QTests.swift"; sourceTree = "<group>"; };
		F57511381C1AEE50009EE90C /* Info.plist */ = {isa = PBXFileReference; lastKnownFileType = text.plist.xml; path = Info.plist; sourceTree = "<group>"; };
		F575113D1C1AEE50009EE90C /* ドラクエQUITests.xctest */ = {isa = PBXFileReference; explicitFileType = wrapper.cfbundle; includeInIndex = 0; path = "ドラクエQUITests.xctest"; sourceTree = BUILT_PRODUCTS_DIR; };
		F57511411C1AEE50009EE90C /* _____QUITests.swift */ = {isa = PBXFileReference; lastKnownFileType = sourcecode.swift; path = "_____QUITests.swift"; sourceTree = "<group>"; };
		F57511431C1AEE50009EE90C /* Info.plist */ = {isa = PBXFileReference; lastKnownFileType = text.plist.xml; path = Info.plist; sourceTree = "<group>"; };
		F57511511C1AEE74009EE90C /* Default-568h@2x.png */ = {isa = PBXFileReference; lastKnownFileType = image.png; path = "Default-568h@2x.png"; sourceTree = "<group>"; };
		F57511521C1AEE74009EE90C /* Default-667h@2x.png */ = {isa = PBXFileReference; lastKnownFileType = image.png; path = "Default-667h@2x.png"; sourceTree = "<group>"; };
		F57511531C1AEE74009EE90C /* Default-736h@3x.png */ = {isa = PBXFileReference; lastKnownFileType = image.png; path = "Default-736h@3x.png"; sourceTree = "<group>"; };
		F57511551C1AEE74009EE90C /* misaki_gothic.ttf */ = {isa = PBXFileReference; lastKnownFileType = file; path = misaki_gothic.ttf; sourceTree = "<group>"; };
		F57511571C1AEE74009EE90C /* battlebg.png */ = {isa = PBXFileReference; lastKnownFileType = image.png; path = battlebg.png; sourceTree = "<group>"; };
		F57511581C1AEE74009EE90C /* bgimage.jpg */ = {isa = PBXFileReference; lastKnownFileType = image.jpeg; path = bgimage.jpg; sourceTree = "<group>"; };
		F57511591C1AEE74009EE90C /* gold_button.png */ = {isa = PBXFileReference; lastKnownFileType = image.png; path = gold_button.png; sourceTree = "<group>"; };
		F575115A1C1AEE74009EE90C /* lobby.png */ = {isa = PBXFileReference; lastKnownFileType = image.png; path = lobby.png; sourceTree = "<group>"; };
		F575115B1C1AEE74009EE90C /* monster.png */ = {isa = PBXFileReference; lastKnownFileType = image.png; path = monster.png; sourceTree = "<group>"; };
		F575115C1C1AEE74009EE90C /* waku.png */ = {isa = PBXFileReference; lastKnownFileType = image.png; path = waku.png; sourceTree = "<group>"; };
		F575115D1C1AEE74009EE90C /* yusya.png */ = {isa = PBXFileReference; lastKnownFileType = image.png; path = yusya.png; sourceTree = "<group>"; };
		F575115F1C1AEE74009EE90C /* Enemy.swift */ = {isa = PBXFileReference; fileEncoding = 4; lastKnownFileType = sourcecode.swift; path = Enemy.swift; sourceTree = "<group>"; };
		F57511601C1AEE74009EE90C /* Player.swift */ = {isa = PBXFileReference; fileEncoding = 4; lastKnownFileType = sourcecode.swift; path = Player.swift; sourceTree = "<group>"; };
		F57511611C1AEE74009EE90C /* TechDraUtility.swift */ = {isa = PBXFileReference; fileEncoding = 4; lastKnownFileType = sourcecode.swift; path = TechDraUtility.swift; sourceTree = "<group>"; };
		F57511631C1AEE74009EE90C /* BGM_battle001.mp3 */ = {isa = PBXFileReference; lastKnownFileType = audio.mp3; path = BGM_battle001.mp3; sourceTree = "<group>"; };
		F57511641C1AEE74009EE90C /* lobby.mp3 */ = {isa = PBXFileReference; lastKnownFileType = audio.mp3; path = lobby.mp3; sourceTree = "<group>"; };
		F57511651C1AEE74009EE90C /* SE_attack.mp3 */ = {isa = PBXFileReference; lastKnownFileType = audio.mp3; path = SE_attack.mp3; sourceTree = "<group>"; };
		F57511661C1AEE74009EE90C /* SE_charge.mp3 */ = {isa = PBXFileReference; lastKnownFileType = audio.mp3; path = SE_charge.mp3; sourceTree = "<group>"; };
		F57511671C1AEE74009EE90C /* SE_fanfare.mp3 */ = {isa = PBXFileReference; lastKnownFileType = audio.mp3; path = SE_fanfare.mp3; sourceTree = "<group>"; };
		F57511681C1AEE74009EE90C /* SE_fire.mp3 */ = {isa = PBXFileReference; lastKnownFileType = audio.mp3; path = SE_fire.mp3; sourceTree = "<group>"; };
		F57511691C1AEE74009EE90C /* SE_gameover.mp3 */ = {isa = PBXFileReference; lastKnownFileType = audio.mp3; path = SE_gameover.mp3; sourceTree = "<group>"; };
		F575117F1C1AEE9C009EE90C /* ドラクエ　りゅうおう.jpg */ = {isa = PBXFileReference; lastKnownFileType = image.jpeg; path = "ドラクエ　りゅうおう.jpg"; sourceTree = "<group>"; };
		F57511811C1AEEA1009EE90C /* ドラクエ１.jpg */ = {isa = PBXFileReference; lastKnownFileType = image.jpeg; path = "ドラクエ１.jpg"; sourceTree = "<group>"; };
		F57511831C1AEEA5009EE90C /* ドラクエ２.jpg */ = {isa = PBXFileReference; lastKnownFileType = image.jpeg; path = "ドラクエ２.jpg"; sourceTree = "<group>"; };
		F57511851C1AEEA9009EE90C /* ドラクエ３.jpg */ = {isa = PBXFileReference; lastKnownFileType = image.jpeg; path = "ドラクエ３.jpg"; sourceTree = "<group>"; };
		F57511871C1AEEB3009EE90C /* ドラクエ４.jpg */ = {isa = PBXFileReference; lastKnownFileType = image.jpeg; path = "ドラクエ４.jpg"; sourceTree = "<group>"; };
		F57511891C1AEEB8009EE90C /* ドラクエ５.jpg */ = {isa = PBXFileReference; lastKnownFileType = image.jpeg; path = "ドラクエ５.jpg"; sourceTree = "<group>"; };
		F575118B1C1AEEBD009EE90C /* ドラクエ６.jpg */ = {isa = PBXFileReference; lastKnownFileType = image.jpeg; path = "ドラクエ６.jpg"; sourceTree = "<group>"; };
		F575118D1C1AEEC1009EE90C /* ドラクエ７.jpg */ = {isa = PBXFileReference; lastKnownFileType = image.jpeg; path = "ドラクエ７.jpg"; sourceTree = "<group>"; };
		F575118F1C1AEEC5009EE90C /* ドラクエ８.jpg */ = {isa = PBXFileReference; lastKnownFileType = image.jpeg; path = "ドラクエ８.jpg"; sourceTree = "<group>"; };
		F575AE471C4901650038A8BF /* ダークドレアム.jpg */ = {isa = PBXFileReference; lastKnownFileType = image.jpeg; path = "ダークドレアム.jpg"; sourceTree = "<group>"; };
		F575AE491C49029D0038A8BF /* QuizViewController.swift */ = {isa = PBXFileReference; fileEncoding = 4; lastKnownFileType = sourcecode.swift; path = QuizViewController.swift; sourceTree = "<group>"; };
		F575AE4B1C4902BB0038A8BF /* ResultViewController.swift */ = {isa = PBXFileReference; fileEncoding = 4; lastKnownFileType = sourcecode.swift; path = ResultViewController.swift; sourceTree = "<group>"; };
		F575AE4D1C4906CB0038A8BF /* ドラクエ.jpg */ = {isa = PBXFileReference; lastKnownFileType = image.jpeg; path = "ドラクエ.jpg"; sourceTree = "<group>"; };
		F575AE4F1C4907740038A8BF /* 黒.jpg */ = {isa = PBXFileReference; lastKnownFileType = image.jpeg; path = "黒.jpg"; sourceTree = "<group>"; };
		F575AE511C4908160038A8BF /* 虹.jpg */ = {isa = PBXFileReference; lastKnownFileType = image.jpeg; path = "虹.jpg"; sourceTree = "<group>"; };
/* End PBXFileReference section */

/* Begin PBXFrameworksBuildPhase section */
		F57511181C1AEE50009EE90C /* Frameworks */ = {
			isa = PBXFrameworksBuildPhase;
			buildActionMask = 2147483647;
			files = (
			);
			runOnlyForDeploymentPostprocessing = 0;
		};
		F575112F1C1AEE50009EE90C /* Frameworks */ = {
			isa = PBXFrameworksBuildPhase;
			buildActionMask = 2147483647;
			files = (
			);
			runOnlyForDeploymentPostprocessing = 0;
		};
		F575113A1C1AEE50009EE90C /* Frameworks */ = {
			isa = PBXFrameworksBuildPhase;
			buildActionMask = 2147483647;
			files = (
			);
			runOnlyForDeploymentPostprocessing = 0;
		};
/* End PBXFrameworksBuildPhase section */

/* Begin PBXGroup section */
		F57511121C1AEE50009EE90C = {
			isa = PBXGroup;
			children = (
				F575111D1C1AEE50009EE90C /* ドラクエQ */,
				F57511351C1AEE50009EE90C /* ドラクエQTests */,
				F57511401C1AEE50009EE90C /* ドラクエQUITests */,
				F575111C1C1AEE50009EE90C /* Products */,
			);
			sourceTree = "<group>";
		};
		F575111C1C1AEE50009EE90C /* Products */ = {
			isa = PBXGroup;
			children = (
				F575111B1C1AEE50009EE90C /* ドラクエQ.app */,
				F57511321C1AEE50009EE90C /* ドラクエQTests.xctest */,
				F575113D1C1AEE50009EE90C /* ドラクエQUITests.xctest */,
			);
			name = Products;
			sourceTree = "<group>";
		};
		F575111D1C1AEE50009EE90C /* ドラクエQ */ = {
			isa = PBXGroup;
			children = (
				F575114F1C1AEE74009EE90C /* TechMon_Resources-2 */,
				F575111E1C1AEE50009EE90C /* AppDelegate.swift */,
				F57511201C1AEE50009EE90C /* ViewController.swift */,
				F57511221C1AEE50009EE90C /* Main.storyboard */,
				F50B18441C5242100077E344 /* GodViewController.swift */,
				F50B18421C5241B50077E344 /* muzuiViewController.swift */,
				F50B18401C5241A80077E344 /* hutsu-ViewController.swift */,
				F50B18381C523E520077E344 /* nanidoViewController.swift */,
				F575AE491C49029D0038A8BF /* QuizViewController.swift */,
				F575AE4B1C4902BB0038A8BF /* ResultViewController.swift */,
				F575AE4D1C4906CB0038A8BF /* ドラクエ.jpg */,
				F575AE4F1C4907740038A8BF /* 黒.jpg */,
				F575AE511C4908160038A8BF /* 虹.jpg */,
				F50B183A1C5240B30077E344 /* 色.png */,
				F50B183C1C5240C60077E344 /* Gお.jpg */,
				F50B183E1C5241100077E344 /* 星.jpg */,
				F575117F1C1AEE9C009EE90C /* ドラクエ　りゅうおう.jpg */,
				F575AE471C4901650038A8BF /* ダークドレアム.jpg */,
				F57511811C1AEEA1009EE90C /* ドラクエ１.jpg */,
				F57511831C1AEEA5009EE90C /* ドラクエ２.jpg */,
				F57511851C1AEEA9009EE90C /* ドラクエ３.jpg */,
				F57511871C1AEEB3009EE90C /* ドラクエ４.jpg */,
				F57511891C1AEEB8009EE90C /* ドラクエ５.jpg */,
				F575118B1C1AEEBD009EE90C /* ドラクエ６.jpg */,
				F575118D1C1AEEC1009EE90C /* ドラクエ７.jpg */,
				F575118F1C1AEEC5009EE90C /* ドラクエ８.jpg */,
				F5068D5F1C1C6092007D09ED /* ロトの剣.jpg */,
				F57511281C1AEE50009EE90C /* Assets.xcassets */,
				F575112A1C1AEE50009EE90C /* LaunchScreen.storyboard */,
				F575112D1C1AEE50009EE90C /* Info.plist */,
				F57511251C1AEE50009EE90C /* _____Q.xcdatamodeld */,
			);
			path = "ドラクエQ";
			sourceTree = "<group>";
		};
		F57511351C1AEE50009EE90C /* ドラクエQTests */ = {
			isa = PBXGroup;
			children = (
				F57511361C1AEE50009EE90C /* _____QTests.swift */,
				F57511381C1AEE50009EE90C /* Info.plist */,
			);
			path = "ドラクエQTests";
			sourceTree = "<group>";
		};
		F57511401C1AEE50009EE90C /* ドラクエQUITests */ = {
			isa = PBXGroup;
			children = (
				F57511411C1AEE50009EE90C /* _____QUITests.swift */,
				F57511431C1AEE50009EE90C /* Info.plist */,
			);
			path = "ドラクエQUITests";
			sourceTree = "<group>";
		};
		F575114F1C1AEE74009EE90C /* TechMon_Resources-2 */ = {
			isa = PBXGroup;
			children = (
				F57511501C1AEE74009EE90C /* Defaults */,
				F57511541C1AEE74009EE90C /* Fonts */,
				F57511561C1AEE74009EE90C /* Images */,
				F575115E1C1AEE74009EE90C /* Models */,
				F57511621C1AEE74009EE90C /* Sounds */,
			);
			path = "TechMon_Resources-2";
			sourceTree = "<group>";
		};
		F57511501C1AEE74009EE90C /* Defaults */ = {
			isa = PBXGroup;
			children = (
				F57511511C1AEE74009EE90C /* Default-568h@2x.png */,
				F57511521C1AEE74009EE90C /* Default-667h@2x.png */,
				F57511531C1AEE74009EE90C /* Default-736h@3x.png */,
			);
			path = Defaults;
			sourceTree = "<group>";
		};
		F57511541C1AEE74009EE90C /* Fonts */ = {
			isa = PBXGroup;
			children = (
				F57511551C1AEE74009EE90C /* misaki_gothic.ttf */,
			);
			path = Fonts;
			sourceTree = "<group>";
		};
		F57511561C1AEE74009EE90C /* Images */ = {
			isa = PBXGroup;
			children = (
				F57511571C1AEE74009EE90C /* battlebg.png */,
				F57511581C1AEE74009EE90C /* bgimage.jpg */,
				F57511591C1AEE74009EE90C /* gold_button.png */,
				F575115A1C1AEE74009EE90C /* lobby.png */,
				F575115B1C1AEE74009EE90C /* monster.png */,
				F575115C1C1AEE74009EE90C /* waku.png */,
				F575115D1C1AEE74009EE90C /* yusya.png */,
			);
			path = Images;
			sourceTree = "<group>";
		};
		F575115E1C1AEE74009EE90C /* Models */ = {
			isa = PBXGroup;
			children = (
				F575115F1C1AEE74009EE90C /* Enemy.swift */,
				F57511601C1AEE74009EE90C /* Player.swift */,
				F57511611C1AEE74009EE90C /* TechDraUtility.swift */,
			);
			path = Models;
			sourceTree = "<group>";
		};
		F57511621C1AEE74009EE90C /* Sounds */ = {
			isa = PBXGroup;
			children = (
				F57511631C1AEE74009EE90C /* BGM_battle001.mp3 */,
				F57511641C1AEE74009EE90C /* lobby.mp3 */,
				F57511651C1AEE74009EE90C /* SE_attack.mp3 */,
				F57511661C1AEE74009EE90C /* SE_charge.mp3 */,
				F57511671C1AEE74009EE90C /* SE_fanfare.mp3 */,
				F57511681C1AEE74009EE90C /* SE_fire.mp3 */,
				F57511691C1AEE74009EE90C /* SE_gameover.mp3 */,
			);
			path = Sounds;
			sourceTree = "<group>";
		};
/* End PBXGroup section */

/* Begin PBXNativeTarget section */
		F575111A1C1AEE50009EE90C /* ドラクエQ */ = {
			isa = PBXNativeTarget;
			buildConfigurationList = F57511461C1AEE50009EE90C /* Build configuration list for PBXNativeTarget "ドラクエQ" */;
			buildPhases = (
				F57511171C1AEE50009EE90C /* Sources */,
				F57511181C1AEE50009EE90C /* Frameworks */,
				F57511191C1AEE50009EE90C /* Resources */,
			);
			buildRules = (
			);
			dependencies = (
			);
			name = "ドラクエQ";
			productName = "ドラクエQ";
			productReference = F575111B1C1AEE50009EE90C /* ドラクエQ.app */;
			productType = "com.apple.product-type.application";
		};
		F57511311C1AEE50009EE90C /* ドラクエQTests */ = {
			isa = PBXNativeTarget;
			buildConfigurationList = F57511491C1AEE50009EE90C /* Build configuration list for PBXNativeTarget "ドラクエQTests" */;
			buildPhases = (
				F575112E1C1AEE50009EE90C /* Sources */,
				F575112F1C1AEE50009EE90C /* Frameworks */,
				F57511301C1AEE50009EE90C /* Resources */,
			);
			buildRules = (
			);
			dependencies = (
				F57511341C1AEE50009EE90C /* PBXTargetDependency */,
			);
			name = "ドラクエQTests";
			productName = "ドラクエQTests";
			productReference = F57511321C1AEE50009EE90C /* ドラクエQTests.xctest */;
			productType = "com.apple.product-type.bundle.unit-test";
		};
		F575113C1C1AEE50009EE90C /* ドラクエQUITests */ = {
			isa = PBXNativeTarget;
			buildConfigurationList = F575114C1C1AEE50009EE90C /* Build configuration list for PBXNativeTarget "ドラクエQUITests" */;
			buildPhases = (
				F57511391C1AEE50009EE90C /* Sources */,
				F575113A1C1AEE50009EE90C /* Frameworks */,
				F575113B1C1AEE50009EE90C /* Resources */,
			);
			buildRules = (
			);
			dependencies = (
				F575113F1C1AEE50009EE90C /* PBXTargetDependency */,
			);
			name = "ドラクエQUITests";
			productName = "ドラクエQUITests";
			productReference = F575113D1C1AEE50009EE90C /* ドラクエQUITests.xctest */;
			productType = "com.apple.product-type.bundle.ui-testing";
		};
/* End PBXNativeTarget section */

/* Begin PBXProject section */
		F57511131C1AEE50009EE90C /* Project object */ = {
			isa = PBXProject;
			attributes = {
				LastSwiftUpdateCheck = 0710;
				LastUpgradeCheck = 0710;
				ORGANIZATIONNAME = "小浜天紀";
				TargetAttributes = {
					F575111A1C1AEE50009EE90C = {
						CreatedOnToolsVersion = 7.1.1;
						DevelopmentTeam = H7J86HJ999;
					};
					F57511311C1AEE50009EE90C = {
						CreatedOnToolsVersion = 7.1.1;
						DevelopmentTeam = H7J86HJ999;
						TestTargetID = F575111A1C1AEE50009EE90C;
					};
					F575113C1C1AEE50009EE90C = {
						CreatedOnToolsVersion = 7.1.1;
						DevelopmentTeam = H7J86HJ999;
						TestTargetID = F575111A1C1AEE50009EE90C;
					};
				};
			};
			buildConfigurationList = F57511161C1AEE50009EE90C /* Build configuration list for PBXProject "ドラクエQ" */;
			compatibilityVersion = "Xcode 3.2";
			developmentRegion = English;
			hasScannedForEncodings = 0;
			knownRegions = (
				en,
				Base,
			);
			mainGroup = F57511121C1AEE50009EE90C;
			productRefGroup = F575111C1C1AEE50009EE90C /* Products */;
			projectDirPath = "";
			projectRoot = "";
			targets = (
				F575111A1C1AEE50009EE90C /* ドラクエQ */,
				F57511311C1AEE50009EE90C /* ドラクエQTests */,
				F575113C1C1AEE50009EE90C /* ドラクエQUITests */,
			);
		};
/* End PBXProject section */

/* Begin PBXResourcesBuildPhase section */
		F57511191C1AEE50009EE90C /* Resources */ = {
			isa = PBXResourcesBuildPhase;
			buildActionMask = 2147483647;
			files = (
				F57511731C1AEE74009EE90C /* waku.png in Resources */,
				F5068D601C1C6092007D09ED /* ロトの剣.jpg in Resources */,
				F575112C1C1AEE50009EE90C /* LaunchScreen.storyboard in Resources */,
				F575118E1C1AEEC1009EE90C /* ドラクエ７.jpg in Resources */,
				F575117D1C1AEE74009EE90C /* SE_fire.mp3 in Resources */,
				F575AE4E1C4906CB0038A8BF /* ドラクエ.jpg in Resources */,
				F575116D1C1AEE74009EE90C /* misaki_gothic.ttf in Resources */,
				F575117C1C1AEE74009EE90C /* SE_fanfare.mp3 in Resources */,
				F57511781C1AEE74009EE90C /* BGM_battle001.mp3 in Resources */,
				F575118A1C1AEEB8009EE90C /* ドラクエ５.jpg in Resources */,
				F57511801C1AEE9C009EE90C /* ドラクエ　りゅうおう.jpg in Resources */,
				F575AE521C4908160038A8BF /* 虹.jpg in Resources */,
				F57511721C1AEE74009EE90C /* monster.png in Resources */,
				F50B183D1C5240C60077E344 /* Gお.jpg in Resources */,
				F575116A1C1AEE74009EE90C /* Default-568h@2x.png in Resources */,
				F575117A1C1AEE74009EE90C /* SE_attack.mp3 in Resources */,
				F575AE501C4907740038A8BF /* 黒.jpg in Resources */,
				F57511901C1AEEC5009EE90C /* ドラクエ８.jpg in Resources */,
				F575AE481C4901650038A8BF /* ダークドレアム.jpg in Resources */,
				F57511711C1AEE74009EE90C /* lobby.png in Resources */,
				F57511701C1AEE74009EE90C /* gold_button.png in Resources */,
				F57511841C1AEEA5009EE90C /* ドラクエ２.jpg in Resources */,
				F57511291C1AEE50009EE90C /* Assets.xcassets in Resources */,
				F575116E1C1AEE74009EE90C /* battlebg.png in Resources */,
				F57511241C1AEE50009EE90C /* Main.storyboard in Resources */,
				F50B183F1C5241100077E344 /* 星.jpg in Resources */,
				F57511881C1AEEB3009EE90C /* ドラクエ４.jpg in Resources */,
				F575116F1C1AEE74009EE90C /* bgimage.jpg in Resources */,
				F575117E1C1AEE74009EE90C /* SE_gameover.mp3 in Resources */,
				F57511741C1AEE74009EE90C /* yusya.png in Resources */,
				F57511821C1AEEA1009EE90C /* ドラクエ１.jpg in Resources */,
				F575116B1C1AEE74009EE90C /* Default-667h@2x.png in Resources */,
				F50B183B1C5240B30077E344 /* 色.png in Resources */,
				F575116C1C1AEE74009EE90C /* Default-736h@3x.png in Resources */,
				F575118C1C1AEEBD009EE90C /* ドラクエ６.jpg in Resources */,
				F57511861C1AEEA9009EE90C /* ドラクエ３.jpg in Resources */,
				F575117B1C1AEE74009EE90C /* SE_charge.mp3 in Resources */,
				F57511791C1AEE74009EE90C /* lobby.mp3 in Resources */,
			);
			runOnlyForDeploymentPostprocessing = 0;
		};
		F57511301C1AEE50009EE90C /* Resources */ = {
			isa = PBXResourcesBuildPhase;
			buildActionMask = 2147483647;
			files = (
			);
			runOnlyForDeploymentPostprocessing = 0;
		};
		F575113B1C1AEE50009EE90C /* Resources */ = {
			isa = PBXResourcesBuildPhase;
			buildActionMask = 2147483647;
			files = (
			);
			runOnlyForDeploymentPostprocessing = 0;
		};
/* End PBXResourcesBuildPhase section */

/* Begin PBXSourcesBuildPhase section */
		F57511171C1AEE50009EE90C /* Sources */ = {
			isa = PBXSourcesBuildPhase;
			buildActionMask = 2147483647;
			files = (
				F57511751C1AEE74009EE90C /* Enemy.swift in Sources */,
				F575AE4A1C49029D0038A8BF /* QuizViewController.swift in Sources */,
				F50B18411C5241A80077E344 /* hutsu-ViewController.swift in Sources */,
				F50B18431C5241B50077E344 /* muzuiViewController.swift in Sources */,
				F57511211C1AEE50009EE90C /* ViewController.swift in Sources */,
				F575AE4C1C4902BB0038A8BF /* ResultViewController.swift in Sources */,
				F57511771C1AEE74009EE90C /* TechDraUtility.swift in Sources */,
				F575111F1C1AEE50009EE90C /* AppDelegate.swift in Sources */,
				F50B18391C523E520077E344 /* nanidoViewController.swift in Sources */,
				F57511761C1AEE74009EE90C /* Player.swift in Sources */,
				F57511271C1AEE50009EE90C /* _____Q.xcdatamodeld in Sources */,
				F50B18451C5242100077E344 /* GodViewController.swift in Sources */,
			);
			runOnlyForDeploymentPostprocessing = 0;
		};
		F575112E1C1AEE50009EE90C /* Sources */ = {
			isa = PBXSourcesBuildPhase;
			buildActionMask = 2147483647;
			files = (
				F57511371C1AEE50009EE90C /* _____QTests.swift in Sources */,
			);
			runOnlyForDeploymentPostprocessing = 0;
		};
		F57511391C1AEE50009EE90C /* Sources */ = {
			isa = PBXSourcesBuildPhase;
			buildActionMask = 2147483647;
			files = (
				F57511421C1AEE50009EE90C /* _____QUITests.swift in Sources */,
			);
			runOnlyForDeploymentPostprocessing = 0;
		};
/* End PBXSourcesBuildPhase section */

/* Begin PBXTargetDependency section */
		F57511341C1AEE50009EE90C /* PBXTargetDependency */ = {
			isa = PBXTargetDependency;
			target = F575111A1C1AEE50009EE90C /* ドラクエQ */;
			targetProxy = F57511331C1AEE50009EE90C /* PBXContainerItemProxy */;
		};
		F575113F1C1AEE50009EE90C /* PBXTargetDependency */ = {
			isa = PBXTargetDependency;
			target = F575111A1C1AEE50009EE90C /* ドラクエQ */;
			targetProxy = F575113E1C1AEE50009EE90C /* PBXContainerItemProxy */;
		};
/* End PBXTargetDependency section */

/* Begin PBXVariantGroup section */
		F57511221C1AEE50009EE90C /* Main.storyboard */ = {
			isa = PBXVariantGroup;
			children = (
				F57511231C1AEE50009EE90C /* Base */,
			);
			name = Main.storyboard;
			sourceTree = "<group>";
		};
		F575112A1C1AEE50009EE90C /* LaunchScreen.storyboard */ = {
			isa = PBXVariantGroup;
			children = (
				F575112B1C1AEE50009EE90C /* Base */,
			);
			name = LaunchScreen.storyboard;
			sourceTree = "<group>";
		};
/* End PBXVariantGroup section */

/* Begin XCBuildConfiguration section */
		F57511441C1AEE50009EE90C /* Debug */ = {
			isa = XCBuildConfiguration;
			buildSettings = {
				ALWAYS_SEARCH_USER_PATHS = NO;
				CLANG_CXX_LANGUAGE_STANDARD = "gnu++0x";
				CLANG_CXX_LIBRARY = "libc++";
				CLANG_ENABLE_MODULES = YES;
				CLANG_ENABLE_OBJC_ARC = YES;
				CLANG_WARN_BOOL_CONVERSION = YES;
				CLANG_WARN_CONSTANT_CONVERSION = YES;
				CLANG_WARN_DIRECT_OBJC_ISA_USAGE = YES_ERROR;
				CLANG_WARN_EMPTY_BODY = YES;
				CLANG_WARN_ENUM_CONVERSION = YES;
				CLANG_WARN_INT_CONVERSION = YES;
				CLANG_WARN_OBJC_ROOT_CLASS = YES_ERROR;
				CLANG_WARN_UNREACHABLE_CODE = YES;
				CLANG_WARN__DUPLICATE_METHOD_MATCH = YES;
				"CODE_SIGN_IDENTITY[sdk=iphoneos*]" = "iPhone Developer";
				COPY_PHASE_STRIP = NO;
				DEBUG_INFORMATION_FORMAT = dwarf;
				ENABLE_STRICT_OBJC_MSGSEND = YES;
				ENABLE_TESTABILITY = YES;
				GCC_C_LANGUAGE_STANDARD = gnu99;
				GCC_DYNAMIC_NO_PIC = NO;
				GCC_NO_COMMON_BLOCKS = YES;
				GCC_OPTIMIZATION_LEVEL = 0;
				GCC_PREPROCESSOR_DEFINITIONS = (
					"DEBUG=1",
					"$(inherited)",
				);
				GCC_WARN_64_TO_32_BIT_CONVERSION = YES;
				GCC_WARN_ABOUT_RETURN_TYPE = YES_ERROR;
				GCC_WARN_UNDECLARED_SELECTOR = YES;
				GCC_WARN_UNINITIALIZED_AUTOS = YES_AGGRESSIVE;
				GCC_WARN_UNUSED_FUNCTION = YES;
				GCC_WARN_UNUSED_VARIABLE = YES;
				IPHONEOS_DEPLOYMENT_TARGET = 9.1;
				MTL_ENABLE_DEBUG_INFO = YES;
				ONLY_ACTIVE_ARCH = YES;
				SDKROOT = iphoneos;
				SWIFT_OPTIMIZATION_LEVEL = "-Onone";
			};
			name = Debug;
		};
		F57511451C1AEE50009EE90C /* Release */ = {
			isa = XCBuildConfiguration;
			buildSettings = {
				ALWAYS_SEARCH_USER_PATHS = NO;
				CLANG_CXX_LANGUAGE_STANDARD = "gnu++0x";
				CLANG_CXX_LIBRARY = "libc++";
				CLANG_ENABLE_MODULES = YES;
				CLANG_ENABLE_OBJC_ARC = YES;
				CLANG_WARN_BOOL_CONVERSION = YES;
				CLANG_WARN_CONSTANT_CONVERSION = YES;
				CLANG_WARN_DIRECT_OBJC_ISA_USAGE = YES_ERROR;
				CLANG_WARN_EMPTY_BODY = YES;
				CLANG_WARN_ENUM_CONVERSION = YES;
				CLANG_WARN_INT_CONVERSION = YES;
				CLANG_WARN_OBJC_ROOT_CLASS = YES_ERROR;
				CLANG_WARN_UNREACHABLE_CODE = YES;
				CLANG_WARN__DUPLICATE_METHOD_MATCH = YES;
				"CODE_SIGN_IDENTITY[sdk=iphoneos*]" = "iPhone Developer";
				COPY_PHASE_STRIP = NO;
				DEBUG_INFORMATION_FORMAT = "dwarf-with-dsym";
				ENABLE_NS_ASSERTIONS = NO;
				ENABLE_STRICT_OBJC_MSGSEND = YES;
				GCC_C_LANGUAGE_STANDARD = gnu99;
				GCC_NO_COMMON_BLOCKS = YES;
				GCC_WARN_64_TO_32_BIT_CONVERSION = YES;
				GCC_WARN_ABOUT_RETURN_TYPE = YES_ERROR;
				GCC_WARN_UNDECLARED_SELECTOR = YES;
				GCC_WARN_UNINITIALIZED_AUTOS = YES_AGGRESSIVE;
				GCC_WARN_UNUSED_FUNCTION = YES;
				GCC_WARN_UNUSED_VARIABLE = YES;
				IPHONEOS_DEPLOYMENT_TARGET = 9.1;
				MTL_ENABLE_DEBUG_INFO = NO;
				SDKROOT = iphoneos;
				VALIDATE_PRODUCT = YES;
			};
			name = Release;
		};
		F57511471C1AEE50009EE90C /* Debug */ = {
			isa = XCBuildConfiguration;
			buildSettings = {
				ASSETCATALOG_COMPILER_APPICON_NAME = AppIcon;
				INFOPLIST_FILE = "ドラクエQ/Info.plist";
				LD_RUNPATH_SEARCH_PATHS = "$(inherited) @executable_path/Frameworks";
				PRODUCT_BUNDLE_IDENTIFIER = "com.liteck.-----Q";
				PRODUCT_NAME = "$(TARGET_NAME)";
			};
			name = Debug;
		};
		F57511481C1AEE50009EE90C /* Release */ = {
			isa = XCBuildConfiguration;
			buildSettings = {
				ASSETCATALOG_COMPILER_APPICON_NAME = AppIcon;
				INFOPLIST_FILE = "ドラクエQ/Info.plist";
				LD_RUNPATH_SEARCH_PATHS = "$(inherited) @executable_path/Frameworks";
				PRODUCT_BUNDLE_IDENTIFIER = "com.liteck.-----Q";
				PRODUCT_NAME = "$(TARGET_NAME)";
			};
			name = Release;
		};
		F575114A1C1AEE50009EE90C /* Debug */ = {
			isa = XCBuildConfiguration;
			buildSettings = {
				BUNDLE_LOADER = "$(TEST_HOST)";
				INFOPLIST_FILE = "ドラクエQTests/Info.plist";
				LD_RUNPATH_SEARCH_PATHS = "$(inherited) @executable_path/Frameworks @loader_path/Frameworks";
				PRODUCT_BUNDLE_IDENTIFIER = "com.liteck.-----QTests";
				PRODUCT_NAME = "$(TARGET_NAME)";
				TEST_HOST = "$(BUILT_PRODUCTS_DIR)/ドラクエQ.app/ドラクエQ";
			};
			name = Debug;
		};
		F575114B1C1AEE50009EE90C /* Release */ = {
			isa = XCBuildConfiguration;
			buildSettings = {
				BUNDLE_LOADER = "$(TEST_HOST)";
				INFOPLIST_FILE = "ドラクエQTests/Info.plist";
				LD_RUNPATH_SEARCH_PATHS = "$(inherited) @executable_path/Frameworks @loader_path/Frameworks";
				PRODUCT_BUNDLE_IDENTIFIER = "com.liteck.-----QTests";
				PRODUCT_NAME = "$(TARGET_NAME)";
				TEST_HOST = "$(BUILT_PRODUCTS_DIR)/ドラクエQ.app/ドラクエQ";
			};
			name = Release;
		};
		F575114D1C1AEE50009EE90C /* Debug */ = {
			isa = XCBuildConfiguration;
			buildSettings = {
				INFOPLIST_FILE = "ドラクエQUITests/Info.plist";
				LD_RUNPATH_SEARCH_PATHS = "$(inherited) @executable_path/Frameworks @loader_path/Frameworks";
				PRODUCT_BUNDLE_IDENTIFIER = "com.liteck.-----QUITests";
				PRODUCT_NAME = "$(TARGET_NAME)";
				TEST_TARGET_NAME = "ドラクエQ";
				USES_XCTRUNNER = YES;
			};
			name = Debug;
		};
		F575114E1C1AEE50009EE90C /* Release */ = {
			isa = XCBuildConfiguration;
			buildSettings = {
				INFOPLIST_FILE = "ドラクエQUITests/Info.plist";
				LD_RUNPATH_SEARCH_PATHS = "$(inherited) @executable_path/Frameworks @loader_path/Frameworks";
				PRODUCT_BUNDLE_IDENTIFIER = "com.liteck.-----QUITests";
				PRODUCT_NAME = "$(TARGET_NAME)";
				TEST_TARGET_NAME = "ドラクエQ";
				USES_XCTRUNNER = YES;
			};
			name = Release;
		};
/* End XCBuildConfiguration section */

/* Begin XCConfigurationList section */
		F57511161C1AEE50009EE90C /* Build configuration list for PBXProject "ドラクエQ" */ = {
			isa = XCConfigurationList;
			buildConfigurations = (
				F57511441C1AEE50009EE90C /* Debug */,
				F57511451C1AEE50009EE90C /* Release */,
			);
			defaultConfigurationIsVisible = 0;
			defaultConfigurationName = Release;
		};
		F57511461C1AEE50009EE90C /* Build configuration list for PBXNativeTarget "ドラクエQ" */ = {
			isa = XCConfigurationList;
			buildConfigurations = (
				F57511471C1AEE50009EE90C /* Debug */,
				F57511481C1AEE50009EE90C /* Release */,
			);
			defaultConfigurationIsVisible = 0;
			defaultConfigurationName = Release;
		};
		F57511491C1AEE50009EE90C /* Build configuration list for PBXNativeTarget "ドラクエQTests" */ = {
			isa = XCConfigurationList;
			buildConfigurations = (
				F575114A1C1AEE50009EE90C /* Debug */,
				F575114B1C1AEE50009EE90C /* Release */,
			);
			defaultConfigurationIsVisible = 0;
			defaultConfigurationName = Release;
		};
		F575114C1C1AEE50009EE90C /* Build configuration list for PBXNativeTarget "ドラクエQUITests" */ = {
			isa = XCConfigurationList;
			buildConfigurations = (
				F575114D1C1AEE50009EE90C /* Debug */,
				F575114E1C1AEE50009EE90C /* Release */,
			);
			defaultConfigurationIsVisible = 0;
			defaultConfigurationName = Release;
		};
/* End XCConfigurationList section */

/* Begin XCVersionGroup section */
		F57511251C1AEE50009EE90C /* _____Q.xcdatamodeld */ = {
			isa = XCVersionGroup;
			children = (
				F57511261C1AEE50009EE90C /* _____Q.xcdatamodel */,
			);
			currentVersion = F57511261C1AEE50009EE90C /* _____Q.xcdatamodel */;
			path = "_____Q.xcdatamodeld";
			sourceTree = "<group>";
			versionGroupType = wrapper.xcdatamodel;
		};
/* End XCVersionGroup section */
	};
	rootObject = F57511131C1AEE50009EE90C /* Project object */;
}
